
Microsoft Visual Studio Solution File, Format Version 12.00
# Visual Studio Version 16
VisualStudioVersion = 16.0.30621.155
MinimumVisualStudioVersion = 10.0.40219.1
Project("{FAE04EC0-301F-11D3-BF4B-00C04F79EFBC}") = "a", "a\a.csproj", "{17FC9F81-DA1F-4430-AF2B-95B8322E0C8C}"
EndProject
Global
	GlobalSection(SolutionConfigurationPlatforms) = preSolution
		Debug|Any CPU = Debug|Any CPU
		Release|Any CPU = Release|Any CPU
	EndGlobalSection
	GlobalSection(ProjectConfigurationPlatforms) = postSolution
		{17FC9F81-DA1F-4430-AF2B-95B8322E0C8C}.Debug|Any CPU.ActiveCfg = Debug|Any CPU
		{17FC9F81-DA1F-4430-AF2B-95B8322E0C8C}.Debug|Any CPU.Build.0 = Debug|Any CPU
		{17FC9F81-DA1F-4430-AF2B-95B8322E0C8C}.Release|Any CPU.ActiveCfg = Release|Any CPU
		{17FC9F81-DA1F-4430-AF2B-95B8322E0C8C}.Release|Any CPU.Build.0 = Release|Any CPU
	EndGlobalSection
	GlobalSection(SolutionProperties) = preSolution
		HideSolutionNode = FALSE
	EndGlobalSection
	GlobalSection(ExtensibilityGlobals) = postSolution
		SolutionGuid = {F9FDF04D-1550-4115-8E9E-95CBAF340D98}
	EndGlobalSection
EndGlobal
